
Microsoft Visual Studio Solution File, Format Version 12.00
# Visual Studio Version 16
VisualStudioVersion = 16.0.31624.102
MinimumVisualStudioVersion = 10.0.40219.1
Project("{9A19103F-16F7-4668-BE54-9A1E7A4F7556}") = "AzureSearch.BulkInsert", "AzureSearch.BulkInsert.csproj", "{B9598403-E466-44C3-8DF5-DB176AEFD08B}"
EndProject
Global
	GlobalSection(SolutionConfigurationPlatforms) = preSolution
		Debug|Any CPU = Debug|Any CPU
		Release|Any CPU = Release|Any CPU
	EndGlobalSection
	GlobalSection(ProjectConfigurationPlatforms) = postSolution
		{B9598403-E466-44C3-8DF5-DB176AEFD08B}.Debug|Any CPU.ActiveCfg = Debug|Any CPU
		{B9598403-E466-44C3-8DF5-DB176AEFD08B}.Debug|Any CPU.Build.0 = Debug|Any CPU
		{B9598403-E466-44C3-8DF5-DB176AEFD08B}.Release|Any CPU.ActiveCfg = Release|Any CPU
		{B9598403-E466-44C3-8DF5-DB176AEFD08B}.Release|Any CPU.Build.0 = Release|Any CPU
	EndGlobalSection
	GlobalSection(SolutionProperties) = preSolution
		HideSolutionNode = FALSE
	EndGlobalSection
	GlobalSection(ExtensibilityGlobals) = postSolution
		SolutionGuid = {B1268E1D-7789-4776-97C5-5077AABA281C}
	EndGlobalSection
EndGlobal
